
Microsoft Visual Studio Solution File, Format Version 12.00
# Visual Studio Version 16
VisualStudioVersion = 16.0.31911.196
MinimumVisualStudioVersion = 10.0.40219.1
Project("{FAE04EC0-301F-11D3-BF4B-00C04F79EFBC}") = "GameAI", "GameAI\GameAI.csproj", "{53774216-3C60-4A3D-8893-96D227C535EA}"
EndProject
Project("{FAE04EC0-301F-11D3-BF4B-00C04F79EFBC}") = "GameAI.Game", "GameAI.Game\GameAI.Game.csproj", "{1335BC10-A922-4169-93F9-3A03E034D1B1}"
EndProject
Global
	GlobalSection(SolutionConfigurationPlatforms) = preSolution
		Debug|Any CPU = Debug|Any CPU
		Release|Any CPU = Release|Any CPU
	EndGlobalSection
	GlobalSection(ProjectConfigurationPlatforms) = postSolution
		{53774216-3C60-4A3D-8893-96D227C535EA}.Debug|Any CPU.ActiveCfg = Debug|Any CPU
		{53774216-3C60-4A3D-8893-96D227C535EA}.Debug|Any CPU.Build.0 = Debug|Any CPU
		{53774216-3C60-4A3D-8893-96D227C535EA}.Release|Any CPU.ActiveCfg = Release|Any CPU
		{53774216-3C60-4A3D-8893-96D227C535EA}.Release|Any CPU.Build.0 = Release|Any CPU
		{1335BC10-A922-4169-93F9-3A03E034D1B1}.Debug|Any CPU.ActiveCfg = Debug|Any CPU
		{1335BC10-A922-4169-93F9-3A03E034D1B1}.Debug|Any CPU.Build.0 = Debug|Any CPU
		{1335BC10-A922-4169-93F9-3A03E034D1B1}.Release|Any CPU.ActiveCfg = Release|Any CPU
		{1335BC10-A922-4169-93F9-3A03E034D1B1}.Release|Any CPU.Build.0 = Release|Any CPU
	EndGlobalSection
	GlobalSection(SolutionProperties) = preSolution
		HideSolutionNode = FALSE
	EndGlobalSection
	GlobalSection(ExtensibilityGlobals) = postSolution
		SolutionGuid = {F11A4E05-897D-4BF2-9A08-1D425EF2F369}
	EndGlobalSection
EndGlobal
